
Microsoft Visual Studio Solution File, Format Version 12.00
# Visual Studio Version 16
VisualStudioVersion = 16.0.31205.134
MinimumVisualStudioVersion = 10.0.40219.1
Project("{8BC9CEB8-8B4A-11D0-8D11-00A0C91BC942}") = "Lab9.1(1)", "Lab9.1(1)\Lab9.1(1).vcxproj", "{A6A035C9-4BA9-4E9E-93A8-190A21671A07}"
EndProject
Global
	GlobalSection(SolutionConfigurationPlatforms) = preSolution
		Debug|x64 = Debug|x64
		Debug|x86 = Debug|x86
		Release|x64 = Release|x64
		Release|x86 = Release|x86
	EndGlobalSection
	GlobalSection(ProjectConfigurationPlatforms) = postSolution
		{A6A035C9-4BA9-4E9E-93A8-190A21671A07}.Debug|x64.ActiveCfg = Debug|x64
		{A6A035C9-4BA9-4E9E-93A8-190A21671A07}.Debug|x64.Build.0 = Debug|x64
		{A6A035C9-4BA9-4E9E-93A8-190A21671A07}.Debug|x86.ActiveCfg = Debug|Win32
		{A6A035C9-4BA9-4E9E-93A8-190A21671A07}.Debug|x86.Build.0 = Debug|Win32
		{A6A035C9-4BA9-4E9E-93A8-190A21671A07}.Release|x64.ActiveCfg = Release|x64
		{A6A035C9-4BA9-4E9E-93A8-190A21671A07}.Release|x64.Build.0 = Release|x64
		{A6A035C9-4BA9-4E9E-93A8-190A21671A07}.Release|x86.ActiveCfg = Release|Win32
		{A6A035C9-4BA9-4E9E-93A8-190A21671A07}.Release|x86.Build.0 = Release|Win32
	EndGlobalSection
	GlobalSection(SolutionProperties) = preSolution
		HideSolutionNode = FALSE
	EndGlobalSection
	GlobalSection(ExtensibilityGlobals) = postSolution
		SolutionGuid = {8C54FE81-4F40-4FEF-BA0C-9ACC02F049E2}
	EndGlobalSection
EndGlobal
